# This file is automatically @generated by Cargo.
# It is not intended for manual editing.
version = 3

[[package]]
name = "CoreFoundation-sys"
version = "0.1.4"
source = "registry+https://github.com/rust-lang/crates.io-index"
checksum = "d0e9889e6db118d49d88d84728d0e964d973a5680befb5f85f55141beea5c20b"
dependencies = [
 "libc",
 "mach 0.1.2",
]

[[package]]
name = "IOKit-sys"
version = "0.1.5"
source = "registry+https://github.com/rust-lang/crates.io-index"
checksum = "99696c398cbaf669d2368076bdb3d627fb0ce51a26899d7c61228c5c0af3bf4a"
dependencies = [
 "CoreFoundation-sys",
 "libc",
 "mach 0.1.2",
]

[[package]]
name = "aes"
version = "0.8.1"
source = "registry+https://github.com/rust-lang/crates.io-index"
checksum = "bfe0133578c0986e1fe3dfcd4af1cc5b2dd6c3dbf534d69916ce16a2701d40ba"
dependencies = [
 "cfg-if 1.0.0",
 "cipher",
 "cpufeatures",
]

[[package]]
name = "aho-corasick"
version = "0.7.18"
source = "registry+https://github.com/rust-lang/crates.io-index"
checksum = "1e37cfd5e7657ada45f742d6e99ca5788580b5c529dc78faf11ece6dc702656f"
dependencies = [
 "memchr",
]

[[package]]
name = "anyhow"
version = "1.0.56"
source = "registry+https://github.com/rust-lang/crates.io-index"
checksum = "4361135be9122e0870de935d7c439aef945b9f9ddd4199a553b5270b49c82a27"

[[package]]
name = "autocfg"
version = "1.1.0"
source = "registry+https://github.com/rust-lang/crates.io-index"
checksum = "d468802bab17cbc0cc575e9b053f41e72aa36bfa6b7f55e3529ffa43161b97fa"

[[package]]
name = "base16ct"
version = "0.1.1"
source = "registry+https://github.com/rust-lang/crates.io-index"
checksum = "349a06037c7bf932dd7e7d1f653678b2038b9ad46a74102f1fc7bd7872678cce"

[[package]]
name = "bitflags"
version = "1.3.2"
source = "registry+https://github.com/rust-lang/crates.io-index"
checksum = "bef38d45163c2f1dde094a7dfd33ccf595c92905c8f8f4fdc18d06fb1037718a"

[[package]]
name = "bitvec"
version = "1.0.0"
source = "registry+https://github.com/rust-lang/crates.io-index"
checksum = "1489fcb93a5bb47da0462ca93ad252ad6af2145cce58d10d46a83931ba9f016b"
dependencies = [
 "funty",
 "radium",
 "tap",
 "wyz",
]

[[package]]
name = "block-buffer"
version = "0.9.0"
source = "registry+https://github.com/rust-lang/crates.io-index"
checksum = "4152116fd6e9dadb291ae18fc1ec3575ed6d84c29642d97890f4b4a3417297e4"
dependencies = [
 "generic-array",
]

[[package]]
name = "block-buffer"
version = "0.10.2"
source = "registry+https://github.com/rust-lang/crates.io-index"
checksum = "0bf7fe51849ea569fd452f37822f606a5cabb684dc918707a0193fd4664ff324"
dependencies = [
 "generic-array",
]

[[package]]
name = "bytes"
version = "1.1.0"
source = "registry+https://github.com/rust-lang/crates.io-index"
checksum = "c4872d67bab6358e59559027aa3b9157c53d9358c51423c17554809a8858e0f8"

[[package]]
name = "cc"
version = "1.0.73"
source = "registry+https://github.com/rust-lang/crates.io-index"
checksum = "2fff2a6927b3bb87f9595d67196a70493f627687a71d87a0d692242c33f58c11"

[[package]]
name = "cfg-if"
version = "0.1.10"
source = "registry+https://github.com/rust-lang/crates.io-index"
checksum = "4785bdd1c96b2a846b2bd7cc02e86b6b3dbf14e7e53446c4f54c92a361040822"

[[package]]
name = "cfg-if"
version = "1.0.0"
source = "registry+https://github.com/rust-lang/crates.io-index"
checksum = "baf1de4339761588bc0619e3cbc0120ee582ebb74b53b4efbf79117bd2da40fd"

[[package]]
name = "cipher"
version = "0.4.3"
source = "registry+https://github.com/rust-lang/crates.io-index"
checksum = "d1873270f8f7942c191139cb8a40fd228da6c3fd2fc376d7e92d47aa14aeb59e"
dependencies = [
 "crypto-common",
 "inout",
]

[[package]]
name = "cmac"
version = "0.7.1"
source = "registry+https://github.com/rust-lang/crates.io-index"
checksum = "606383658416244b8dc4b36f864ec1f86cb922b95c41a908fd07aeb01cad06fa"
dependencies = [
 "cipher",
 "dbl",
 "digest 0.10.3",
]

[[package]]
name = "const-oid"
version = "0.7.1"
source = "registry+https://github.com/rust-lang/crates.io-index"
checksum = "e4c78c047431fee22c1a7bb92e00ad095a02a983affe4d8a72e2a2c62c1b94f3"

[[package]]
name = "cpufeatures"
version = "0.2.2"
source = "registry+https://github.com/rust-lang/crates.io-index"
checksum = "59a6001667ab124aebae2a495118e11d30984c3a653e99d86d58971708cf5e4b"
dependencies = [
 "libc",
]

[[package]]
name = "crypto-bigint"
version = "0.3.2"
source = "registry+https://github.com/rust-lang/crates.io-index"
checksum = "03c6a1d5fa1de37e071642dfa44ec552ca5b299adb128fab16138e24b548fd21"
dependencies = [
 "generic-array",
 "rand_core",
 "subtle",
 "zeroize",
]

[[package]]
name = "crypto-common"
version = "0.1.3"
source = "registry+https://github.com/rust-lang/crates.io-index"
checksum = "57952ca27b5e3606ff4dd79b0020231aaf9d6aa76dc05fd30137538c50bd3ce8"
dependencies = [
 "generic-array",
 "typenum",
]

[[package]]
name = "crypto-mac"
version = "0.11.1"
source = "registry+https://github.com/rust-lang/crates.io-index"
checksum = "b1d1a86f49236c215f271d40892d5fc950490551400b02ef360692c29815c714"
dependencies = [
 "generic-array",
 "subtle",
]

[[package]]
name = "dbl"
version = "0.3.2"
source = "registry+https://github.com/rust-lang/crates.io-index"
checksum = "bd2735a791158376708f9347fe8faba9667589d82427ef3aed6794a8981de3d9"
dependencies = [
 "generic-array",
]

[[package]]
name = "der"
version = "0.5.1"
source = "registry+https://github.com/rust-lang/crates.io-index"
checksum = "6919815d73839e7ad218de758883aae3a257ba6759ce7a9992501efbb53d705c"
dependencies = [
 "const-oid",
]

[[package]]
name = "digest"
version = "0.9.0"
source = "registry+https://github.com/rust-lang/crates.io-index"
checksum = "d3dd60d1080a57a05ab032377049e0591415d2b31afd7028356dbf3cc6dcb066"
dependencies = [
 "generic-array",
]

[[package]]
name = "digest"
version = "0.10.3"
source = "registry+https://github.com/rust-lang/crates.io-index"
checksum = "f2fb860ca6fafa5552fb6d0e816a69c8e49f0908bf524e30a90d97c85892d506"
dependencies = [
 "block-buffer 0.10.2",
 "crypto-common",
 "subtle",
]

[[package]]
name = "ecdsa"
version = "0.13.4"
source = "registry+https://github.com/rust-lang/crates.io-index"
checksum = "d0d69ae62e0ce582d56380743515fefaf1a8c70cec685d9677636d7e30ae9dc9"
dependencies = [
 "der",
 "elliptic-curve",
 "rfc6979",
 "signature",
]

[[package]]
name = "either"
version = "1.6.1"
source = "registry+https://github.com/rust-lang/crates.io-index"
checksum = "e78d4f1cc4ae33bbfc157ed5d5a5ef3bc29227303d595861deb238fcec4e9457"

[[package]]
name = "elliptic-curve"
version = "0.11.12"
source = "registry+https://github.com/rust-lang/crates.io-index"
checksum = "25b477563c2bfed38a3b7a60964c49e058b2510ad3f12ba3483fd8f62c2306d6"
dependencies = [
 "base16ct",
 "crypto-bigint",
 "der",
 "ff",
 "generic-array",
 "group",
 "rand_core",
 "sec1",
 "subtle",
 "zeroize",
]

[[package]]
name = "fastrand"
version = "1.7.0"
source = "registry+https://github.com/rust-lang/crates.io-index"
checksum = "c3fcf0cee53519c866c09b5de1f6c56ff9d647101f81c1964fa632e148896cdf"
dependencies = [
 "instant",
]

[[package]]
name = "ff"
version = "0.11.0"
source = "registry+https://github.com/rust-lang/crates.io-index"
checksum = "b2958d04124b9f27f175eaeb9a9f383d026098aa837eadd8ba22c11f13a05b9e"
dependencies = [
 "rand_core",
 "subtle",
]

[[package]]
name = "fixedbitset"
version = "0.4.1"
source = "registry+https://github.com/rust-lang/crates.io-index"
checksum = "279fb028e20b3c4c320317955b77c5e0c9701f05a1d309905d6fc702cdc5053e"

[[package]]
name = "funty"
version = "2.0.0"
source = "registry+https://github.com/rust-lang/crates.io-index"
checksum = "e6d5a32815ae3f33302d95fdcb2ce17862f8c65363dcfd29360480ba1001fc9c"

[[package]]
name = "galileo-osnma"
version = "0.1.0"
dependencies = [
 "aes",
 "bitvec",
 "bytes",
 "cmac",
 "crypto-common",
 "ecdsa",
 "generic-array",
 "hmac 0.12.1",
 "log",
 "p256",
 "prost",
 "prost-build",
 "sha2 0.10.2",
 "sha3",
 "typenum",
]

[[package]]
name = "generic-array"
version = "0.14.5"
source = "registry+https://github.com/rust-lang/crates.io-index"
checksum = "fd48d33ec7f05fbfa152300fdad764757cbded343c1aa1cff2fbaf4134851803"
dependencies = [
 "typenum",
 "version_check",
]

[[package]]
name = "group"
version = "0.11.0"
source = "registry+https://github.com/rust-lang/crates.io-index"
checksum = "bc5ac374b108929de78460075f3dc439fa66df9d8fc77e8f12caa5165fcf0c89"
dependencies = [
 "ff",
 "rand_core",
 "subtle",
]

[[package]]
name = "hashbrown"
version = "0.11.2"
source = "registry+https://github.com/rust-lang/crates.io-index"
checksum = "ab5ef0d4909ef3724cc8cce6ccc8572c5c817592e9285f5464f8e86f8bd3726e"

[[package]]
name = "heck"
version = "0.3.3"
source = "registry+https://github.com/rust-lang/crates.io-index"
checksum = "6d621efb26863f0e9924c6ac577e8275e5e6b77455db64ffa6c65c904e9e132c"
dependencies = [
 "unicode-segmentation",
]

[[package]]
name = "hex"
version = "0.4.3"
source = "registry+https://github.com/rust-lang/crates.io-index"
checksum = "7f24254aa9a54b5c858eaee2f5bccdb46aaf0e486a595ed5fd8f86ba55232a70"

[[package]]
name = "hmac"
version = "0.11.0"
source = "registry+https://github.com/rust-lang/crates.io-index"
checksum = "2a2a2320eb7ec0ebe8da8f744d7812d9fc4cb4d09344ac01898dbcb6a20ae69b"
dependencies = [
 "crypto-mac",
 "digest 0.9.0",
]

[[package]]
name = "hmac"
version = "0.12.1"
source = "registry+https://github.com/rust-lang/crates.io-index"
checksum = "6c49c37c09c17a53d937dfbb742eb3a961d65a994e6bcdcf37e7399d0cc8ab5e"
dependencies = [
 "digest 0.10.3",
]

[[package]]
name = "indexmap"
version = "1.8.0"
source = "registry+https://github.com/rust-lang/crates.io-index"
checksum = "282a6247722caba404c065016bbfa522806e51714c34f5dfc3e4a3a46fcb4223"
dependencies = [
 "autocfg",
 "hashbrown",
]

[[package]]
name = "inout"
version = "0.1.2"
source = "registry+https://github.com/rust-lang/crates.io-index"
checksum = "9e1f03d4ab4d5dc9ec2d219f86c15d2a15fc08239d1cd3b2d6a19717c0a2f443"
dependencies = [
 "generic-array",
]

[[package]]
name = "instant"
version = "0.1.12"
source = "registry+https://github.com/rust-lang/crates.io-index"
checksum = "7a5bbe824c507c5da5956355e86a746d82e0e1464f65d862cc5e71da70e94b2c"
dependencies = [
 "cfg-if 1.0.0",
]

[[package]]
name = "itertools"
version = "0.10.3"
source = "registry+https://github.com/rust-lang/crates.io-index"
checksum = "a9a9d19fa1e79b6215ff29b9d6880b706147f16e9b1dbb1e4e5947b5b02bc5e3"
dependencies = [
 "either",
]

[[package]]
name = "keccak"
version = "0.1.0"
source = "registry+https://github.com/rust-lang/crates.io-index"
checksum = "67c21572b4949434e4fc1e1978b99c5f77064153c59d998bf13ecd96fb5ecba7"

[[package]]
name = "lazy_static"
version = "1.4.0"
source = "registry+https://github.com/rust-lang/crates.io-index"
checksum = "e2abad23fbc42b3700f2f279844dc832adb2b2eb069b2df918f455c4e18cc646"

[[package]]
name = "libc"
version = "0.2.121"
source = "registry+https://github.com/rust-lang/crates.io-index"
checksum = "efaa7b300f3b5fe8eb6bf21ce3895e1751d9665086af2d64b42f19701015ff4f"

[[package]]
name = "libudev"
version = "0.2.0"
source = "registry+https://github.com/rust-lang/crates.io-index"
checksum = "ea626d3bdf40a1c5aee3bcd4f40826970cae8d80a8fec934c82a63840094dcfe"
dependencies = [
 "libc",
 "libudev-sys",
]

[[package]]
name = "libudev-sys"
version = "0.1.4"
source = "registry+https://github.com/rust-lang/crates.io-index"
checksum = "3c8469b4a23b962c1396b9b451dda50ef5b283e8dd309d69033475fa9b334324"
dependencies = [
 "libc",
 "pkg-config",
]

[[package]]
name = "log"
version = "0.4.16"
source = "registry+https://github.com/rust-lang/crates.io-index"
checksum = "6389c490849ff5bc16be905ae24bc913a9c8892e19b2341dbc175e14c341c2b8"
dependencies = [
 "cfg-if 1.0.0",
]

[[package]]
name = "mach"
version = "0.1.2"
source = "registry+https://github.com/rust-lang/crates.io-index"
checksum = "2fd13ee2dd61cc82833ba05ade5a30bb3d63f7ced605ef827063c63078302de9"
dependencies = [
 "libc",
]

[[package]]
name = "mach"
version = "0.2.3"
source = "registry+https://github.com/rust-lang/crates.io-index"
checksum = "86dd2487cdfea56def77b88438a2c915fb45113c5319bfe7e14306ca4cd0b0e1"
dependencies = [
 "libc",
]

[[package]]
name = "memchr"
version = "2.4.1"
source = "registry+https://github.com/rust-lang/crates.io-index"
checksum = "308cc39be01b73d0d18f82a0e7b2a3df85245f84af96fdddc5d202d27e47b86a"

[[package]]
name = "multimap"
version = "0.8.3"
source = "registry+https://github.com/rust-lang/crates.io-index"
checksum = "e5ce46fe64a9d73be07dcbe690a38ce1b293be448fd8ce1e6c1b8062c9f72c6a"

[[package]]
name = "nix"
version = "0.16.1"
source = "registry+https://github.com/rust-lang/crates.io-index"
checksum = "dd0eaf8df8bab402257e0a5c17a254e4cc1f72a93588a1ddfb5d356c801aa7cb"
dependencies = [
 "bitflags",
 "cc",
 "cfg-if 0.1.10",
 "libc",
 "void",
]

[[package]]
name = "opaque-debug"
version = "0.3.0"
source = "registry+https://github.com/rust-lang/crates.io-index"
checksum = "624a8340c38c1b80fd549087862da4ba43e08858af025b236e509b6649fc13d5"

[[package]]
name = "osnma-longan-nano-client"
version = "0.1.0"
dependencies = [
 "galileo-osnma",
 "hex",
 "serialport",
]

[[package]]
name = "p256"
version = "0.10.1"
source = "registry+https://github.com/rust-lang/crates.io-index"
checksum = "19736d80675fbe9fe33426268150b951a3fb8f5cfca2a23a17c85ef3adb24e3b"
dependencies = [
 "ecdsa",
 "elliptic-curve",
 "sec1",
 "sha2 0.9.9",
]

[[package]]
name = "petgraph"
version = "0.6.0"
source = "registry+https://github.com/rust-lang/crates.io-index"
checksum = "4a13a2fa9d0b63e5f22328828741e523766fff0ee9e779316902290dff3f824f"
dependencies = [
 "fixedbitset",
 "indexmap",
]

[[package]]
name = "pkg-config"
version = "0.3.24"
source = "registry+https://github.com/rust-lang/crates.io-index"
checksum = "58893f751c9b0412871a09abd62ecd2a00298c6c83befa223ef98c52aef40cbe"

[[package]]
name = "proc-macro2"
version = "1.0.36"
source = "registry+https://github.com/rust-lang/crates.io-index"
checksum = "c7342d5883fbccae1cc37a2353b09c87c9b0f3afd73f5fb9bba687a1f733b029"
dependencies = [
 "unicode-xid",
]

[[package]]
name = "prost"
version = "0.9.0"
source = "registry+https://github.com/rust-lang/crates.io-index"
checksum = "444879275cb4fd84958b1a1d5420d15e6fcf7c235fe47f053c9c2a80aceb6001"
dependencies = [
 "bytes",
 "prost-derive",
]

[[package]]
name = "prost-build"
version = "0.9.0"
source = "registry+https://github.com/rust-lang/crates.io-index"
checksum = "62941722fb675d463659e49c4f3fe1fe792ff24fe5bbaa9c08cd3b98a1c354f5"
dependencies = [
 "bytes",
 "heck",
 "itertools",
 "lazy_static",
 "log",
 "multimap",
 "petgraph",
 "prost",
 "prost-types",
 "regex",
 "tempfile",
 "which",
]

[[package]]
name = "prost-derive"
version = "0.9.0"
source = "registry+https://github.com/rust-lang/crates.io-index"
checksum = "f9cc1a3263e07e0bf68e96268f37665207b49560d98739662cdfaae215c720fe"
dependencies = [
 "anyhow",
 "itertools",
 "proc-macro2",
 "quote",
 "syn",
]

[[package]]
name = "prost-types"
version = "0.9.0"
source = "registry+https://github.com/rust-lang/crates.io-index"
checksum = "534b7a0e836e3c482d2693070f982e39e7611da9695d4d1f5a4b186b51faef0a"
dependencies = [
 "bytes",
 "prost",
]

[[package]]
name = "quote"
version = "1.0.16"
source = "registry+https://github.com/rust-lang/crates.io-index"
checksum = "b4af2ec4714533fcdf07e886f17025ace8b997b9ce51204ee69b6da831c3da57"
dependencies = [
 "proc-macro2",
]

[[package]]
name = "radium"
version = "0.7.0"
source = "registry+https://github.com/rust-lang/crates.io-index"
checksum = "dc33ff2d4973d518d823d61aa239014831e521c75da58e3df4840d3f47749d09"

[[package]]
name = "rand_core"
version = "0.6.3"
source = "registry+https://github.com/rust-lang/crates.io-index"
checksum = "d34f1408f55294453790c48b2f1ebbb1c5b4b7563eb1f418bcfcfdbb06ebb4e7"

[[package]]
name = "redox_syscall"
version = "0.2.12"
source = "registry+https://github.com/rust-lang/crates.io-index"
checksum = "8ae183fc1b06c149f0c1793e1eb447c8b04bfe46d48e9e48bfb8d2d7ed64ecf0"
dependencies = [
 "bitflags",
]

[[package]]
name = "regex"
version = "1.5.5"
source = "registry+https://github.com/rust-lang/crates.io-index"
checksum = "1a11647b6b25ff05a515cb92c365cec08801e83423a235b51e231e1808747286"
dependencies = [
 "aho-corasick",
 "memchr",
 "regex-syntax",
]

[[package]]
name = "regex-syntax"
version = "0.6.25"
source = "registry+https://github.com/rust-lang/crates.io-index"
checksum = "f497285884f3fcff424ffc933e56d7cbca511def0c9831a7f9b5f6153e3cc89b"

[[package]]
name = "remove_dir_all"
version = "0.5.3"
source = "registry+https://github.com/rust-lang/crates.io-index"
checksum = "3acd125665422973a33ac9d3dd2df85edad0f4ae9b00dafb1a05e43a9f5ef8e7"
dependencies = [
 "winapi",
]

[[package]]
name = "rfc6979"
version = "0.1.0"
source = "registry+https://github.com/rust-lang/crates.io-index"
checksum = "96ef608575f6392792f9ecf7890c00086591d29a83910939d430753f7c050525"
dependencies = [
 "crypto-bigint",
 "hmac 0.11.0",
 "zeroize",
]

[[package]]
name = "sec1"
version = "0.2.1"
source = "registry+https://github.com/rust-lang/crates.io-index"
checksum = "08da66b8b0965a5555b6bd6639e68ccba85e1e2506f5fbb089e93f8a04e1a2d1"
dependencies = [
 "der",
 "generic-array",
 "subtle",
 "zeroize",
]

[[package]]
name = "serialport"
version = "4.0.1"
source = "registry+https://github.com/rust-lang/crates.io-index"
checksum = "5d8cd7c0f22290ee2c01457009fa6fc1cae4153d5608a924e5dc423babc2c655"
dependencies = [
 "CoreFoundation-sys",
 "IOKit-sys",
 "bitflags",
 "cfg-if 0.1.10",
 "libudev",
 "mach 0.2.3",
 "nix",
 "regex",
 "winapi",
]

[[package]]
name = "sha2"
version = "0.9.9"
source = "registry+https://github.com/rust-lang/crates.io-index"
checksum = "4d58a1e1bf39749807d89cf2d98ac2dfa0ff1cb3faa38fbb64dd88ac8013d800"
dependencies = [
 "block-buffer 0.9.0",
 "cfg-if 1.0.0",
 "cpufeatures",
 "digest 0.9.0",
 "opaque-debug",
]

[[package]]
name = "sha2"
version = "0.10.2"
source = "registry+https://github.com/rust-lang/crates.io-index"
checksum = "55deaec60f81eefe3cce0dc50bda92d6d8e88f2a27df7c5033b42afeb1ed2676"
dependencies = [
 "cfg-if 1.0.0",
 "cpufeatures",
 "digest 0.10.3",
]

[[package]]
name = "sha3"
version = "0.10.1"
source = "registry+https://github.com/rust-lang/crates.io-index"
checksum = "881bf8156c87b6301fc5ca6b27f11eeb2761224c7081e69b409d5a1951a70c86"
dependencies = [
 "digest 0.10.3",
 "keccak",
]

[[package]]
name = "signature"
version = "1.4.0"
source = "registry+https://github.com/rust-lang/crates.io-index"
checksum = "02658e48d89f2bec991f9a78e69cfa4c316f8d6a6c4ec12fae1aeb263d486788"
dependencies = [
 "digest 0.9.0",
 "rand_core",
]

[[package]]
name = "subtle"
version = "2.4.1"
source = "registry+https://github.com/rust-lang/crates.io-index"
checksum = "6bdef32e8150c2a081110b42772ffe7d7c9032b606bc226c8260fd97e0976601"

[[package]]
name = "syn"
version = "1.0.89"
source = "registry+https://github.com/rust-lang/crates.io-index"
checksum = "ea297be220d52398dcc07ce15a209fce436d361735ac1db700cab3b6cdfb9f54"
dependencies = [
 "proc-macro2",
 "quote",
 "unicode-xid",
]

[[package]]
name = "tap"
version = "1.0.1"
source = "registry+https://github.com/rust-lang/crates.io-index"
checksum = "55937e1799185b12863d447f42597ed69d9928686b8d88a1df17376a097d8369"

[[package]]
name = "tempfile"
version = "3.3.0"
source = "registry+https://github.com/rust-lang/crates.io-index"
checksum = "5cdb1ef4eaeeaddc8fbd371e5017057064af0911902ef36b39801f67cc6d79e4"
dependencies = [
 "cfg-if 1.0.0",
 "fastrand",
 "libc",
 "redox_syscall",
 "remove_dir_all",
 "winapi",
]

[[package]]
name = "typenum"
version = "1.15.0"
source = "registry+https://github.com/rust-lang/crates.io-index"
checksum = "dcf81ac59edc17cc8697ff311e8f5ef2d99fcbd9817b34cec66f90b6c3dfd987"

[[package]]
name = "unicode-segmentation"
version = "1.9.0"
source = "registry+https://github.com/rust-lang/crates.io-index"
checksum = "7e8820f5d777f6224dc4be3632222971ac30164d4a258d595640799554ebfd99"

[[package]]
name = "unicode-xid"
version = "0.2.2"
source = "registry+https://github.com/rust-lang/crates.io-index"
checksum = "8ccb82d61f80a663efe1f787a51b16b5a51e3314d6ac365b08639f52387b33f3"

[[package]]
name = "version_check"
version = "0.9.4"
source = "registry+https://github.com/rust-lang/crates.io-index"
checksum = "49874b5167b65d7193b8aba1567f5c7d93d001cafc34600cee003eda787e483f"

[[package]]
name = "void"
version = "1.0.2"
source = "registry+https://github.com/rust-lang/crates.io-index"
checksum = "6a02e4885ed3bc0f2de90ea6dd45ebcbb66dacffe03547fadbb0eeae2770887d"

[[package]]
name = "which"
version = "4.2.5"
source = "registry+https://github.com/rust-lang/crates.io-index"
checksum = "5c4fb54e6113b6a8772ee41c3404fb0301ac79604489467e0a9ce1f3e97c24ae"
dependencies = [
 "either",
 "lazy_static",
 "libc",
]

[[package]]
name = "winapi"
version = "0.3.9"
source = "registry+https://github.com/rust-lang/crates.io-index"
checksum = "5c839a674fcd7a98952e593242ea400abe93992746761e38641405d28b00f419"
dependencies = [
 "winapi-i686-pc-windows-gnu",
 "winapi-x86_64-pc-windows-gnu",
]

[[package]]
name = "winapi-i686-pc-windows-gnu"
version = "0.4.0"
source = "registry+https://github.com/rust-lang/crates.io-index"
checksum = "ac3b87c63620426dd9b991e5ce0329eff545bccbbb34f3be09ff6fb6ab51b7b6"

[[package]]
name = "winapi-x86_64-pc-windows-gnu"
version = "0.4.0"
source = "registry+https://github.com/rust-lang/crates.io-index"
checksum = "712e227841d057c1ee1cd2fb22fa7e5a5461ae8e48fa2ca79ec42cfc1931183f"

[[package]]
name = "wyz"
version = "0.5.0"
source = "registry+https://github.com/rust-lang/crates.io-index"
checksum = "30b31594f29d27036c383b53b59ed3476874d518f0efb151b27a4c275141390e"
dependencies = [
 "tap",
]

[[package]]
name = "zeroize"
version = "1.5.4"
source = "registry+https://github.com/rust-lang/crates.io-index"
checksum = "7eb5728b8afd3f280a869ce1d4c554ffaed35f45c231fc41bfbd0381bef50317"
