# This file is automatically @generated by Cargo.
# It is not intended for manual editing.
version = 3

[[package]]
name = "CoreFoundation-sys"
version = "0.1.4"
source = "registry+https://github.com/rust-lang/crates.io-index"
checksum = "d0e9889e6db118d49d88d84728d0e964d973a5680befb5f85f55141beea5c20b"
dependencies = [
 "libc",
 "mach 0.1.2",
]

[[package]]
name = "IOKit-sys"
version = "0.1.5"
source = "registry+https://github.com/rust-lang/crates.io-index"
checksum = "99696c398cbaf669d2368076bdb3d627fb0ce51a26899d7c61228c5c0af3bf4a"
dependencies = [
 "CoreFoundation-sys",
 "libc",
 "mach 0.1.2",
]

[[package]]
name = "aes"
version = "0.8.1"
source = "registry+https://github.com/rust-lang/crates.io-index"
checksum = "bfe0133578c0986e1fe3dfcd4af1cc5b2dd6c3dbf534d69916ce16a2701d40ba"
dependencies = [
 "cfg-if",
 "cipher",
 "cpufeatures",
]

[[package]]
name = "aho-corasick"
version = "0.7.19"
source = "registry+https://github.com/rust-lang/crates.io-index"
checksum = "b4f55bd91a0978cbfd91c457a164bab8b4001c833b7f323132c0a4e1922dd44e"
dependencies = [
 "memchr",
]

[[package]]
name = "anyhow"
version = "1.0.63"
source = "registry+https://github.com/rust-lang/crates.io-index"
checksum = "a26fa4d7e3f2eebadf743988fc8aec9fa9a9e82611acafd77c1462ed6262440a"

[[package]]
name = "autocfg"
version = "1.1.0"
source = "registry+https://github.com/rust-lang/crates.io-index"
checksum = "d468802bab17cbc0cc575e9b053f41e72aa36bfa6b7f55e3529ffa43161b97fa"

[[package]]
name = "base16ct"
version = "0.1.1"
source = "registry+https://github.com/rust-lang/crates.io-index"
checksum = "349a06037c7bf932dd7e7d1f653678b2038b9ad46a74102f1fc7bd7872678cce"

[[package]]
name = "bitflags"
version = "1.3.2"
source = "registry+https://github.com/rust-lang/crates.io-index"
checksum = "bef38d45163c2f1dde094a7dfd33ccf595c92905c8f8f4fdc18d06fb1037718a"

[[package]]
name = "bitvec"
version = "1.0.1"
source = "registry+https://github.com/rust-lang/crates.io-index"
checksum = "1bc2832c24239b0141d5674bb9174f9d68a8b5b3f2753311927c172ca46f7e9c"
dependencies = [
 "funty",
 "radium",
 "tap",
 "wyz",
]

[[package]]
name = "block-buffer"
version = "0.10.2"
source = "registry+https://github.com/rust-lang/crates.io-index"
checksum = "0bf7fe51849ea569fd452f37822f606a5cabb684dc918707a0193fd4664ff324"
dependencies = [
 "generic-array",
]

[[package]]
name = "bytes"
version = "1.2.1"
source = "registry+https://github.com/rust-lang/crates.io-index"
checksum = "ec8a7b6a70fde80372154c65702f00a0f56f3e1c36abbc6c440484be248856db"

[[package]]
name = "cfg-if"
version = "1.0.0"
source = "registry+https://github.com/rust-lang/crates.io-index"
checksum = "baf1de4339761588bc0619e3cbc0120ee582ebb74b53b4efbf79117bd2da40fd"

[[package]]
name = "cipher"
version = "0.4.3"
source = "registry+https://github.com/rust-lang/crates.io-index"
checksum = "d1873270f8f7942c191139cb8a40fd228da6c3fd2fc376d7e92d47aa14aeb59e"
dependencies = [
 "crypto-common",
 "inout",
]

[[package]]
name = "cmac"
version = "0.7.1"
source = "registry+https://github.com/rust-lang/crates.io-index"
checksum = "606383658416244b8dc4b36f864ec1f86cb922b95c41a908fd07aeb01cad06fa"
dependencies = [
 "cipher",
 "dbl",
 "digest",
]

[[package]]
name = "const-oid"
version = "0.9.0"
source = "registry+https://github.com/rust-lang/crates.io-index"
checksum = "722e23542a15cea1f65d4a1419c4cfd7a26706c70871a13a04238ca3f40f1661"

[[package]]
name = "cpufeatures"
version = "0.2.4"
source = "registry+https://github.com/rust-lang/crates.io-index"
checksum = "dc948ebb96241bb40ab73effeb80d9f93afaad49359d159a5e61be51619fe813"
dependencies = [
 "libc",
]

[[package]]
name = "crypto-bigint"
version = "0.4.8"
source = "registry+https://github.com/rust-lang/crates.io-index"
checksum = "9f2b443d17d49dad5ef0ede301c3179cc923b8822f3393b4d2c28c269dd4a122"
dependencies = [
 "generic-array",
 "rand_core",
 "subtle",
 "zeroize",
]

[[package]]
name = "crypto-common"
version = "0.1.6"
source = "registry+https://github.com/rust-lang/crates.io-index"
checksum = "1bfb12502f3fc46cca1bb51ac28df9d618d813cdc3d2f25b9fe775a34af26bb3"
dependencies = [
 "generic-array",
 "typenum",
]

[[package]]
name = "dbl"
version = "0.3.2"
source = "registry+https://github.com/rust-lang/crates.io-index"
checksum = "bd2735a791158376708f9347fe8faba9667589d82427ef3aed6794a8981de3d9"
dependencies = [
 "generic-array",
]

[[package]]
name = "der"
version = "0.6.0"
source = "registry+https://github.com/rust-lang/crates.io-index"
checksum = "13dd2ae565c0a381dde7fade45fce95984c568bdcb4700a4fdbe3175e0380b2f"
dependencies = [
 "const-oid",
]

[[package]]
name = "digest"
version = "0.10.3"
source = "registry+https://github.com/rust-lang/crates.io-index"
checksum = "f2fb860ca6fafa5552fb6d0e816a69c8e49f0908bf524e30a90d97c85892d506"
dependencies = [
 "block-buffer",
 "crypto-common",
 "subtle",
]

[[package]]
name = "ecdsa"
version = "0.14.4"
source = "registry+https://github.com/rust-lang/crates.io-index"
checksum = "e852f4174d2a8646a0fa8a34b55797856c722f86267deb0aa1e93f7f247f800e"
dependencies = [
 "der",
 "elliptic-curve",
 "rfc6979",
 "signature",
]

[[package]]
name = "either"
version = "1.8.0"
source = "registry+https://github.com/rust-lang/crates.io-index"
checksum = "90e5c1c8368803113bf0c9584fc495a58b86dc8a29edbf8fe877d21d9507e797"

[[package]]
name = "elliptic-curve"
version = "0.12.3"
source = "registry+https://github.com/rust-lang/crates.io-index"
checksum = "e7bb888ab5300a19b8e5bceef25ac745ad065f3c9f7efc6de1b91958110891d3"
dependencies = [
 "base16ct",
 "crypto-bigint",
 "der",
 "digest",
 "ff",
 "generic-array",
 "group",
 "rand_core",
 "sec1",
 "subtle",
 "zeroize",
]

[[package]]
name = "fastrand"
version = "1.8.0"
source = "registry+https://github.com/rust-lang/crates.io-index"
checksum = "a7a407cfaa3385c4ae6b23e84623d48c2798d06e3e6a1878f7f59f17b3f86499"
dependencies = [
 "instant",
]

[[package]]
name = "ff"
version = "0.12.0"
source = "registry+https://github.com/rust-lang/crates.io-index"
checksum = "df689201f395c6b90dfe87127685f8dbfc083a5e779e613575d8bd7314300c3e"
dependencies = [
 "rand_core",
 "subtle",
]

[[package]]
name = "fixedbitset"
version = "0.4.2"
source = "registry+https://github.com/rust-lang/crates.io-index"
checksum = "0ce7134b9999ecaf8bcd65542e436736ef32ddca1b3e06094cb6ec5755203b80"

[[package]]
name = "funty"
version = "2.0.0"
source = "registry+https://github.com/rust-lang/crates.io-index"
checksum = "e6d5a32815ae3f33302d95fdcb2ce17862f8c65363dcfd29360480ba1001fc9c"

[[package]]
name = "galileo-osnma"
version = "0.2.0"
dependencies = [
 "aes",
 "bitvec",
 "bytes",
 "cmac",
 "crypto-common",
 "ecdsa",
 "generic-array",
 "hmac",
 "log",
 "p256",
 "prost",
 "prost-build",
 "sha2",
 "sha3",
 "typenum",
]

[[package]]
name = "generic-array"
version = "0.14.6"
source = "registry+https://github.com/rust-lang/crates.io-index"
checksum = "bff49e947297f3312447abdca79f45f4738097cc82b06e72054d2223f601f1b9"
dependencies = [
 "typenum",
 "version_check",
]

[[package]]
name = "group"
version = "0.12.0"
source = "registry+https://github.com/rust-lang/crates.io-index"
checksum = "7391856def869c1c81063a03457c676fbcd419709c3dfb33d8d319de484b154d"
dependencies = [
 "ff",
 "rand_core",
 "subtle",
]

[[package]]
name = "hashbrown"
version = "0.12.3"
source = "registry+https://github.com/rust-lang/crates.io-index"
checksum = "8a9ee70c43aaf417c914396645a0fa852624801b24ebb7ae78fe8272889ac888"

[[package]]
name = "heck"
version = "0.4.0"
source = "registry+https://github.com/rust-lang/crates.io-index"
checksum = "2540771e65fc8cb83cd6e8a237f70c319bd5c29f78ed1084ba5d50eeac86f7f9"

[[package]]
name = "hex"
version = "0.4.3"
source = "registry+https://github.com/rust-lang/crates.io-index"
checksum = "7f24254aa9a54b5c858eaee2f5bccdb46aaf0e486a595ed5fd8f86ba55232a70"

[[package]]
name = "hmac"
version = "0.12.1"
source = "registry+https://github.com/rust-lang/crates.io-index"
checksum = "6c49c37c09c17a53d937dfbb742eb3a961d65a994e6bcdcf37e7399d0cc8ab5e"
dependencies = [
 "digest",
]

[[package]]
name = "indexmap"
version = "1.9.1"
source = "registry+https://github.com/rust-lang/crates.io-index"
checksum = "10a35a97730320ffe8e2d410b5d3b69279b98d2c14bdb8b70ea89ecf7888d41e"
dependencies = [
 "autocfg",
 "hashbrown",
]

[[package]]
name = "inout"
version = "0.1.3"
source = "registry+https://github.com/rust-lang/crates.io-index"
checksum = "a0c10553d664a4d0bcff9f4215d0aac67a639cc68ef660840afe309b807bc9f5"
dependencies = [
 "generic-array",
]

[[package]]
name = "instant"
version = "0.1.12"
source = "registry+https://github.com/rust-lang/crates.io-index"
checksum = "7a5bbe824c507c5da5956355e86a746d82e0e1464f65d862cc5e71da70e94b2c"
dependencies = [
 "cfg-if",
]

[[package]]
name = "itertools"
version = "0.10.3"
source = "registry+https://github.com/rust-lang/crates.io-index"
checksum = "a9a9d19fa1e79b6215ff29b9d6880b706147f16e9b1dbb1e4e5947b5b02bc5e3"
dependencies = [
 "either",
]

[[package]]
name = "keccak"
version = "0.1.2"
source = "registry+https://github.com/rust-lang/crates.io-index"
checksum = "f9b7d56ba4a8344d6be9729995e6b06f928af29998cdf79fe390cbf6b1fee838"

[[package]]
name = "lazy_static"
version = "1.4.0"
source = "registry+https://github.com/rust-lang/crates.io-index"
checksum = "e2abad23fbc42b3700f2f279844dc832adb2b2eb069b2df918f455c4e18cc646"

[[package]]
name = "libc"
version = "0.2.132"
source = "registry+https://github.com/rust-lang/crates.io-index"
checksum = "8371e4e5341c3a96db127eb2465ac681ced4c433e01dd0e938adbef26ba93ba5"

[[package]]
name = "libudev"
version = "0.3.0"
source = "registry+https://github.com/rust-lang/crates.io-index"
checksum = "78b324152da65df7bb95acfcaab55e3097ceaab02fb19b228a9eb74d55f135e0"
dependencies = [
 "libc",
 "libudev-sys",
]

[[package]]
name = "libudev-sys"
version = "0.1.4"
source = "registry+https://github.com/rust-lang/crates.io-index"
checksum = "3c8469b4a23b962c1396b9b451dda50ef5b283e8dd309d69033475fa9b334324"
dependencies = [
 "libc",
 "pkg-config",
]

[[package]]
name = "log"
version = "0.4.17"
source = "registry+https://github.com/rust-lang/crates.io-index"
checksum = "abb12e687cfb44aa40f41fc3978ef76448f9b6038cad6aef4259d3c095a2382e"
dependencies = [
 "cfg-if",
]

[[package]]
name = "mach"
version = "0.1.2"
source = "registry+https://github.com/rust-lang/crates.io-index"
checksum = "2fd13ee2dd61cc82833ba05ade5a30bb3d63f7ced605ef827063c63078302de9"
dependencies = [
 "libc",
]

[[package]]
name = "mach"
version = "0.3.2"
source = "registry+https://github.com/rust-lang/crates.io-index"
checksum = "b823e83b2affd8f40a9ee8c29dbc56404c1e34cd2710921f2801e2cf29527afa"
dependencies = [
 "libc",
]

[[package]]
name = "memchr"
version = "2.5.0"
source = "registry+https://github.com/rust-lang/crates.io-index"
checksum = "2dffe52ecf27772e601905b7522cb4ef790d2cc203488bbd0e2fe85fcb74566d"

[[package]]
name = "multimap"
version = "0.8.3"
source = "registry+https://github.com/rust-lang/crates.io-index"
checksum = "e5ce46fe64a9d73be07dcbe690a38ce1b293be448fd8ce1e6c1b8062c9f72c6a"

[[package]]
name = "nix"
version = "0.24.2"
source = "registry+https://github.com/rust-lang/crates.io-index"
checksum = "195cdbc1741b8134346d515b3a56a1c94b0912758009cfd53f99ea0f57b065fc"
dependencies = [
 "bitflags",
 "cfg-if",
 "libc",
]

[[package]]
name = "once_cell"
version = "1.14.0"
source = "registry+https://github.com/rust-lang/crates.io-index"
checksum = "2f7254b99e31cad77da24b08ebf628882739a608578bb1bcdfc1f9c21260d7c0"

[[package]]
name = "osnma-longan-nano-client"
version = "0.1.0"
dependencies = [
 "galileo-osnma",
 "hex",
 "serialport",
]

[[package]]
name = "p256"
version = "0.11.1"
source = "registry+https://github.com/rust-lang/crates.io-index"
checksum = "51f44edd08f51e2ade572f141051021c5af22677e42b7dd28a88155151c33594"
dependencies = [
 "ecdsa",
 "elliptic-curve",
 "sha2",
]

[[package]]
name = "petgraph"
version = "0.6.2"
source = "registry+https://github.com/rust-lang/crates.io-index"
checksum = "e6d5014253a1331579ce62aa67443b4a658c5e7dd03d4bc6d302b94474888143"
dependencies = [
 "fixedbitset",
 "indexmap",
]

[[package]]
name = "pkg-config"
version = "0.3.25"
source = "registry+https://github.com/rust-lang/crates.io-index"
checksum = "1df8c4ec4b0627e53bdf214615ad287367e482558cf84b109250b37464dc03ae"

[[package]]
name = "proc-macro2"
version = "1.0.43"
source = "registry+https://github.com/rust-lang/crates.io-index"
checksum = "0a2ca2c61bc9f3d74d2886294ab7b9853abd9c1ad903a3ac7815c58989bb7bab"
dependencies = [
 "unicode-ident",
]

[[package]]
name = "prost"
version = "0.11.0"
source = "registry+https://github.com/rust-lang/crates.io-index"
checksum = "399c3c31cdec40583bb68f0b18403400d01ec4289c383aa047560439952c4dd7"
dependencies = [
 "bytes",
 "prost-derive",
]

[[package]]
name = "prost-build"
version = "0.11.1"
source = "registry+https://github.com/rust-lang/crates.io-index"
checksum = "7f835c582e6bd972ba8347313300219fed5bfa52caf175298d860b61ff6069bb"
dependencies = [
 "bytes",
 "heck",
 "itertools",
 "lazy_static",
 "log",
 "multimap",
 "petgraph",
 "prost",
 "prost-types",
 "regex",
 "tempfile",
 "which",
]

[[package]]
name = "prost-derive"
version = "0.11.0"
source = "registry+https://github.com/rust-lang/crates.io-index"
checksum = "7345d5f0e08c0536d7ac7229952590239e77abf0a0100a1b1d890add6ea96364"
dependencies = [
 "anyhow",
 "itertools",
 "proc-macro2",
 "quote",
 "syn",
]

[[package]]
name = "prost-types"
version = "0.11.1"
source = "registry+https://github.com/rust-lang/crates.io-index"
checksum = "4dfaa718ad76a44b3415e6c4d53b17c8f99160dcb3a99b10470fce8ad43f6e3e"
dependencies = [
 "bytes",
 "prost",
]

[[package]]
name = "quote"
version = "1.0.21"
source = "registry+https://github.com/rust-lang/crates.io-index"
checksum = "bbe448f377a7d6961e30f5955f9b8d106c3f5e449d493ee1b125c1d43c2b5179"
dependencies = [
 "proc-macro2",
]

[[package]]
name = "radium"
version = "0.7.0"
source = "registry+https://github.com/rust-lang/crates.io-index"
checksum = "dc33ff2d4973d518d823d61aa239014831e521c75da58e3df4840d3f47749d09"

[[package]]
name = "rand_core"
version = "0.6.3"
source = "registry+https://github.com/rust-lang/crates.io-index"
checksum = "d34f1408f55294453790c48b2f1ebbb1c5b4b7563eb1f418bcfcfdbb06ebb4e7"

[[package]]
name = "redox_syscall"
version = "0.2.16"
source = "registry+https://github.com/rust-lang/crates.io-index"
checksum = "fb5a58c1855b4b6819d59012155603f0b22ad30cad752600aadfcb695265519a"
dependencies = [
 "bitflags",
]

[[package]]
name = "regex"
version = "1.6.0"
source = "registry+https://github.com/rust-lang/crates.io-index"
checksum = "4c4eb3267174b8c6c2f654116623910a0fef09c4753f8dd83db29c48a0df988b"
dependencies = [
 "aho-corasick",
 "memchr",
 "regex-syntax",
]

[[package]]
name = "regex-syntax"
version = "0.6.27"
source = "registry+https://github.com/rust-lang/crates.io-index"
checksum = "a3f87b73ce11b1619a3c6332f45341e0047173771e8b8b73f87bfeefb7b56244"

[[package]]
name = "remove_dir_all"
version = "0.5.3"
source = "registry+https://github.com/rust-lang/crates.io-index"
checksum = "3acd125665422973a33ac9d3dd2df85edad0f4ae9b00dafb1a05e43a9f5ef8e7"
dependencies = [
 "winapi",
]

[[package]]
name = "rfc6979"
version = "0.3.0"
source = "registry+https://github.com/rust-lang/crates.io-index"
checksum = "88c86280f057430a52f4861551b092a01b419b8eacefc7c995eacb9dc132fe32"
dependencies = [
 "crypto-bigint",
 "hmac",
 "zeroize",
]

[[package]]
name = "sec1"
version = "0.3.0"
source = "registry+https://github.com/rust-lang/crates.io-index"
checksum = "3be24c1842290c45df0a7bf069e0c268a747ad05a192f2fd7dcfdbc1cba40928"
dependencies = [
 "base16ct",
 "der",
 "generic-array",
 "subtle",
 "zeroize",
]

[[package]]
name = "serialport"
version = "4.2.0"
source = "registry+https://github.com/rust-lang/crates.io-index"
checksum = "aab92efb5cf60ad310548bc3f16fa6b0d950019cb7ed8ff41968c3d03721cf12"
dependencies = [
 "CoreFoundation-sys",
 "IOKit-sys",
 "bitflags",
 "cfg-if",
 "libudev",
 "mach 0.3.2",
 "nix",
 "regex",
 "winapi",
]

[[package]]
name = "sha2"
version = "0.10.5"
source = "registry+https://github.com/rust-lang/crates.io-index"
checksum = "cf9db03534dff993187064c4e0c05a5708d2a9728ace9a8959b77bedf415dac5"
dependencies = [
 "cfg-if",
 "cpufeatures",
 "digest",
]

[[package]]
name = "sha3"
version = "0.10.4"
source = "registry+https://github.com/rust-lang/crates.io-index"
checksum = "eaedf34ed289ea47c2b741bb72e5357a209512d67bcd4bda44359e5bf0470f56"
dependencies = [
 "digest",
 "keccak",
]

[[package]]
name = "signature"
version = "1.6.0"
source = "registry+https://github.com/rust-lang/crates.io-index"
checksum = "f0ea32af43239f0d353a7dd75a22d94c329c8cdaafdcb4c1c1335aa10c298a4a"
dependencies = [
 "digest",
 "rand_core",
]

[[package]]
name = "subtle"
version = "2.4.1"
source = "registry+https://github.com/rust-lang/crates.io-index"
checksum = "6bdef32e8150c2a081110b42772ffe7d7c9032b606bc226c8260fd97e0976601"

[[package]]
name = "syn"
version = "1.0.99"
source = "registry+https://github.com/rust-lang/crates.io-index"
checksum = "58dbef6ec655055e20b86b15a8cc6d439cca19b667537ac6a1369572d151ab13"
dependencies = [
 "proc-macro2",
 "quote",
 "unicode-ident",
]

[[package]]
name = "tap"
version = "1.0.1"
source = "registry+https://github.com/rust-lang/crates.io-index"
checksum = "55937e1799185b12863d447f42597ed69d9928686b8d88a1df17376a097d8369"

[[package]]
name = "tempfile"
version = "3.3.0"
source = "registry+https://github.com/rust-lang/crates.io-index"
checksum = "5cdb1ef4eaeeaddc8fbd371e5017057064af0911902ef36b39801f67cc6d79e4"
dependencies = [
 "cfg-if",
 "fastrand",
 "libc",
 "redox_syscall",
 "remove_dir_all",
 "winapi",
]

[[package]]
name = "typenum"
version = "1.15.0"
source = "registry+https://github.com/rust-lang/crates.io-index"
checksum = "dcf81ac59edc17cc8697ff311e8f5ef2d99fcbd9817b34cec66f90b6c3dfd987"

[[package]]
name = "unicode-ident"
version = "1.0.3"
source = "registry+https://github.com/rust-lang/crates.io-index"
checksum = "c4f5b37a154999a8f3f98cc23a628d850e154479cd94decf3414696e12e31aaf"

[[package]]
name = "version_check"
version = "0.9.4"
source = "registry+https://github.com/rust-lang/crates.io-index"
checksum = "49874b5167b65d7193b8aba1567f5c7d93d001cafc34600cee003eda787e483f"

[[package]]
name = "which"
version = "4.3.0"
source = "registry+https://github.com/rust-lang/crates.io-index"
checksum = "1c831fbbee9e129a8cf93e7747a82da9d95ba8e16621cae60ec2cdc849bacb7b"
dependencies = [
 "either",
 "libc",
 "once_cell",
]

[[package]]
name = "winapi"
version = "0.3.9"
source = "registry+https://github.com/rust-lang/crates.io-index"
checksum = "5c839a674fcd7a98952e593242ea400abe93992746761e38641405d28b00f419"
dependencies = [
 "winapi-i686-pc-windows-gnu",
 "winapi-x86_64-pc-windows-gnu",
]

[[package]]
name = "winapi-i686-pc-windows-gnu"
version = "0.4.0"
source = "registry+https://github.com/rust-lang/crates.io-index"
checksum = "ac3b87c63620426dd9b991e5ce0329eff545bccbbb34f3be09ff6fb6ab51b7b6"

[[package]]
name = "winapi-x86_64-pc-windows-gnu"
version = "0.4.0"
source = "registry+https://github.com/rust-lang/crates.io-index"
checksum = "712e227841d057c1ee1cd2fb22fa7e5a5461ae8e48fa2ca79ec42cfc1931183f"

[[package]]
name = "wyz"
version = "0.5.0"
source = "registry+https://github.com/rust-lang/crates.io-index"
checksum = "30b31594f29d27036c383b53b59ed3476874d518f0efb151b27a4c275141390e"
dependencies = [
 "tap",
]

[[package]]
name = "zeroize"
version = "1.5.7"
source = "registry+https://github.com/rust-lang/crates.io-index"
checksum = "c394b5bd0c6f669e7275d9c20aa90ae064cb22e75a1cad54e1b34088034b149f"
